// !$*UTF8*$!
{
	archiveVersion = 1;
	classes = {
	};
	objectVersion = 56;
	objects = {

/* Begin PBXBuildFile section */
		573A456A2918B6FC002A6583 /* FoodListCell.swift in Sources */ = {isa = PBXBuildFile; fileRef = 573A45682918B6FC002A6583 /* FoodListCell.swift */; };
		573A456B2918B6FC002A6583 /* FoodListCell.xib in Resources */ = {isa = PBXBuildFile; fileRef = 573A45692918B6FC002A6583 /* FoodListCell.xib */; };
		5743C3632914126D00050C16 /* SearchViewController.swift in Sources */ = {isa = PBXBuildFile; fileRef = 5743C3622914126D00050C16 /* SearchViewController.swift */; };
		5743C3652914165E00050C16 /* SearchListCell.swift in Sources */ = {isa = PBXBuildFile; fileRef = 5743C3642914165E00050C16 /* SearchListCell.swift */; };
		5743C367291417AB00050C16 /* FoodData.swift in Sources */ = {isa = PBXBuildFile; fileRef = 5743C366291417AB00050C16 /* FoodData.swift */; };
		5747CB7A291CB9A500838BE2 /* PlusCell.swift in Sources */ = {isa = PBXBuildFile; fileRef = 5747CB78291CB9A500838BE2 /* PlusCell.swift */; };
		5747CB7B291CB9A500838BE2 /* PlusCell.xib in Resources */ = {isa = PBXBuildFile; fileRef = 5747CB79291CB9A500838BE2 /* PlusCell.xib */; };
		579FC7782912A7020024BBBF /* MenuCell.swift in Sources */ = {isa = PBXBuildFile; fileRef = 579FC7772912A7020024BBBF /* MenuCell.swift */; };
		579FC77A2912BDCF0024BBBF /* DetailViewController.swift in Sources */ = {isa = PBXBuildFile; fileRef = 579FC7792912BDCF0024BBBF /* DetailViewController.swift */; };
		57CAA29329224EAD00639B0E /* GoogleService-Info.plist in Resources */ = {isa = PBXBuildFile; fileRef = 57CAA29229224EAD00639B0E /* GoogleService-Info.plist */; };
		57CAA29629224FAA00639B0E /* FirebaseAuth in Frameworks */ = {isa = PBXBuildFile; productRef = 57CAA29529224FAA00639B0E /* FirebaseAuth */; };
		57CAA29829224FAA00639B0E /* FirebaseDatabase in Frameworks */ = {isa = PBXBuildFile; productRef = 57CAA29729224FAA00639B0E /* FirebaseDatabase */; };
		57CAA29A29224FAA00639B0E /* FirebaseDatabaseSwift in Frameworks */ = {isa = PBXBuildFile; productRef = 57CAA29929224FAA00639B0E /* FirebaseDatabaseSwift */; };
		57CAA29C29224FAA00639B0E /* FirebaseFirestore in Frameworks */ = {isa = PBXBuildFile; productRef = 57CAA29B29224FAA00639B0E /* FirebaseFirestore */; };
		57CAA29E29224FAA00639B0E /* FirebaseFirestoreSwift in Frameworks */ = {isa = PBXBuildFile; productRef = 57CAA29D29224FAA00639B0E /* FirebaseFirestoreSwift */; };
		57DB057C290FF218008FFD65 /* AppDelegate.swift in Sources */ = {isa = PBXBuildFile; fileRef = 57DB057B290FF218008FFD65 /* AppDelegate.swift */; };
		57DB057E290FF218008FFD65 /* SceneDelegate.swift in Sources */ = {isa = PBXBuildFile; fileRef = 57DB057D290FF218008FFD65 /* SceneDelegate.swift */; };
		57DB0580290FF218008FFD65 /* ViewController.swift in Sources */ = {isa = PBXBuildFile; fileRef = 57DB057F290FF218008FFD65 /* ViewController.swift */; };
		57DB0583290FF218008FFD65 /* Main.storyboard in Resources */ = {isa = PBXBuildFile; fileRef = 57DB0581290FF218008FFD65 /* Main.storyboard */; };
		57DB0585290FF219008FFD65 /* Assets.xcassets in Resources */ = {isa = PBXBuildFile; fileRef = 57DB0584290FF219008FFD65 /* Assets.xcassets */; };
		57DB0588290FF219008FFD65 /* LaunchScreen.storyboard in Resources */ = {isa = PBXBuildFile; fileRef = 57DB0586290FF219008FFD65 /* LaunchScreen.storyboard */; };
		57DB0593290FF386008FFD65 /* MainViewController.swift in Sources */ = {isa = PBXBuildFile; fileRef = 57DB0592290FF386008FFD65 /* MainViewController.swift */; };
		5F13E3710F542BF5AC3CB4F2 /* Pods_BoSS_CAD.framework in Frameworks */ = {isa = PBXBuildFile; fileRef = B1CC793600E4E5CFCD45BA05 /* Pods_BoSS_CAD.framework */; };
		BF952C3B2914CFAA009753BA /* CalcBViewController.swift in Sources */ = {isa = PBXBuildFile; fileRef = BF952C3A2914CFAA009753BA /* CalcBViewController.swift */; };
		BF952C3D2914CFB3009753BA /* CalcCViewController.swift in Sources */ = {isa = PBXBuildFile; fileRef = BF952C3C2914CFB3009753BA /* CalcCViewController.swift */; };
		BFEA6C51291DEB7F0097F169 /* CalculateUserKcal.swift in Sources */ = {isa = PBXBuildFile; fileRef = BFEA6C50291DEB7F0097F169 /* CalculateUserKcal.swift */; };
		BFEDCBAB2914CDC400778789 /* CalcAViewController.swift in Sources */ = {isa = PBXBuildFile; fileRef = BFEDCBAA2914CDC400778789 /* CalcAViewController.swift */; };
/* End PBXBuildFile section */

/* Begin PBXFileReference section */
		573A45682918B6FC002A6583 /* FoodListCell.swift */ = {isa = PBXFileReference; lastKnownFileType = sourcecode.swift; path = FoodListCell.swift; sourceTree = "<group>"; };
		573A45692918B6FC002A6583 /* FoodListCell.xib */ = {isa = PBXFileReference; lastKnownFileType = file.xib; path = FoodListCell.xib; sourceTree = "<group>"; };
		5743C3622914126D00050C16 /* SearchViewController.swift */ = {isa = PBXFileReference; lastKnownFileType = sourcecode.swift; path = SearchViewController.swift; sourceTree = "<group>"; };
		5743C3642914165E00050C16 /* SearchListCell.swift */ = {isa = PBXFileReference; lastKnownFileType = sourcecode.swift; path = SearchListCell.swift; sourceTree = "<group>"; };
		5743C366291417AB00050C16 /* FoodData.swift */ = {isa = PBXFileReference; lastKnownFileType = sourcecode.swift; path = FoodData.swift; sourceTree = "<group>"; };
		5747CB78291CB9A500838BE2 /* PlusCell.swift */ = {isa = PBXFileReference; lastKnownFileType = sourcecode.swift; path = PlusCell.swift; sourceTree = "<group>"; };
		5747CB79291CB9A500838BE2 /* PlusCell.xib */ = {isa = PBXFileReference; lastKnownFileType = file.xib; path = PlusCell.xib; sourceTree = "<group>"; };
		579FC7772912A7020024BBBF /* MenuCell.swift */ = {isa = PBXFileReference; lastKnownFileType = sourcecode.swift; path = MenuCell.swift; sourceTree = "<group>"; };
		579FC7792912BDCF0024BBBF /* DetailViewController.swift */ = {isa = PBXFileReference; lastKnownFileType = sourcecode.swift; path = DetailViewController.swift; sourceTree = "<group>"; };
		57CAA29229224EAD00639B0E /* GoogleService-Info.plist */ = {isa = PBXFileReference; fileEncoding = 4; lastKnownFileType = text.plist.xml; path = "GoogleService-Info.plist"; sourceTree = "<group>"; };
		57DB0578290FF218008FFD65 /* BoSS_CAD.app */ = {isa = PBXFileReference; explicitFileType = wrapper.application; includeInIndex = 0; path = BoSS_CAD.app; sourceTree = BUILT_PRODUCTS_DIR; };
		57DB057B290FF218008FFD65 /* AppDelegate.swift */ = {isa = PBXFileReference; lastKnownFileType = sourcecode.swift; path = AppDelegate.swift; sourceTree = "<group>"; };
		57DB057D290FF218008FFD65 /* SceneDelegate.swift */ = {isa = PBXFileReference; lastKnownFileType = sourcecode.swift; path = SceneDelegate.swift; sourceTree = "<group>"; };
		57DB057F290FF218008FFD65 /* ViewController.swift */ = {isa = PBXFileReference; lastKnownFileType = sourcecode.swift; path = ViewController.swift; sourceTree = "<group>"; };
		57DB0582290FF218008FFD65 /* Base */ = {isa = PBXFileReference; lastKnownFileType = file.storyboard; name = Base; path = Base.lproj/Main.storyboard; sourceTree = "<group>"; };
		57DB0584290FF219008FFD65 /* Assets.xcassets */ = {isa = PBXFileReference; lastKnownFileType = folder.assetcatalog; path = Assets.xcassets; sourceTree = "<group>"; };
		57DB0587290FF219008FFD65 /* Base */ = {isa = PBXFileReference; lastKnownFileType = file.storyboard; name = Base; path = Base.lproj/LaunchScreen.storyboard; sourceTree = "<group>"; };
		57DB0589290FF219008FFD65 /* Info.plist */ = {isa = PBXFileReference; lastKnownFileType = text.plist.xml; path = Info.plist; sourceTree = "<group>"; };
		57DB0592290FF386008FFD65 /* MainViewController.swift */ = {isa = PBXFileReference; lastKnownFileType = sourcecode.swift; path = MainViewController.swift; sourceTree = "<group>"; };
		B1CC793600E4E5CFCD45BA05 /* Pods_BoSS_CAD.framework */ = {isa = PBXFileReference; explicitFileType = wrapper.framework; includeInIndex = 0; path = Pods_BoSS_CAD.framework; sourceTree = BUILT_PRODUCTS_DIR; };
		BF917754FA8F6409B6E2638D /* Pods-BoSS_CAD.release.xcconfig */ = {isa = PBXFileReference; includeInIndex = 1; lastKnownFileType = text.xcconfig; name = "Pods-BoSS_CAD.release.xcconfig"; path = "Target Support Files/Pods-BoSS_CAD/Pods-BoSS_CAD.release.xcconfig"; sourceTree = "<group>"; };
		BF952C3A2914CFAA009753BA /* CalcBViewController.swift */ = {isa = PBXFileReference; lastKnownFileType = sourcecode.swift; path = CalcBViewController.swift; sourceTree = "<group>"; };
		BF952C3C2914CFB3009753BA /* CalcCViewController.swift */ = {isa = PBXFileReference; lastKnownFileType = sourcecode.swift; path = CalcCViewController.swift; sourceTree = "<group>"; };
		BFEA6C50291DEB7F0097F169 /* CalculateUserKcal.swift */ = {isa = PBXFileReference; lastKnownFileType = sourcecode.swift; path = CalculateUserKcal.swift; sourceTree = "<group>"; };
		BFEDCBAA2914CDC400778789 /* CalcAViewController.swift */ = {isa = PBXFileReference; lastKnownFileType = sourcecode.swift; path = CalcAViewController.swift; sourceTree = "<group>"; };
		C8625A98E7CFE9D764E58AC6 /* Pods-BoSS_CAD.debug.xcconfig */ = {isa = PBXFileReference; includeInIndex = 1; lastKnownFileType = text.xcconfig; name = "Pods-BoSS_CAD.debug.xcconfig"; path = "Target Support Files/Pods-BoSS_CAD/Pods-BoSS_CAD.debug.xcconfig"; sourceTree = "<group>"; };
		F2C1FD1C29179B0D00B9E3C6 /* Config.xcconfig */ = {isa = PBXFileReference; lastKnownFileType = text.xcconfig; path = Config.xcconfig; sourceTree = "<group>"; };
/* End PBXFileReference section */

/* Begin PBXFrameworksBuildPhase section */
		57DB0575290FF218008FFD65 /* Frameworks */ = {
			isa = PBXFrameworksBuildPhase;
			buildActionMask = 2147483647;
			files = (
				57CAA29A29224FAA00639B0E /* FirebaseDatabaseSwift in Frameworks */,
				57CAA29829224FAA00639B0E /* FirebaseDatabase in Frameworks */,
				5F13E3710F542BF5AC3CB4F2 /* Pods_BoSS_CAD.framework in Frameworks */,
				57CAA29C29224FAA00639B0E /* FirebaseFirestore in Frameworks */,
				57CAA29629224FAA00639B0E /* FirebaseAuth in Frameworks */,
				57CAA29E29224FAA00639B0E /* FirebaseFirestoreSwift in Frameworks */,
			);
			runOnlyForDeploymentPostprocessing = 0;
		};
/* End PBXFrameworksBuildPhase section */

/* Begin PBXGroup section */
		21409970A0B81F63D96AF8D7 /* Frameworks */ = {
			isa = PBXGroup;
			children = (
				B1CC793600E4E5CFCD45BA05 /* Pods_BoSS_CAD.framework */,
			);
			name = Frameworks;
			sourceTree = "<group>";
		};
		57DB056F290FF218008FFD65 = {
			isa = PBXGroup;
			children = (
				57DB057A290FF218008FFD65 /* BoSS_CAD */,
				57DB0579290FF218008FFD65 /* Products */,
				7915E7B117151C9C20138210 /* Pods */,
				21409970A0B81F63D96AF8D7 /* Frameworks */,
			);
			sourceTree = "<group>";
		};
		57DB0579290FF218008FFD65 /* Products */ = {
			isa = PBXGroup;
			children = (
				57DB0578290FF218008FFD65 /* BoSS_CAD.app */,
			);
			name = Products;
			sourceTree = "<group>";
		};
		57DB057A290FF218008FFD65 /* BoSS_CAD */ = {
			isa = PBXGroup;
			children = (
				57DB057B290FF218008FFD65 /* AppDelegate.swift */,
				57DB057D290FF218008FFD65 /* SceneDelegate.swift */,
				57DB0591290FF280008FFD65 /* Models */,
				57DB0590290FF27C008FFD65 /* Views */,
				57DB058F290FF271008FFD65 /* Controllers */,
				57DB0581290FF218008FFD65 /* Main.storyboard */,
				57DB0584290FF219008FFD65 /* Assets.xcassets */,
				57DB0586290FF219008FFD65 /* LaunchScreen.storyboard */,
				57CAA29229224EAD00639B0E /* GoogleService-Info.plist */,
				57DB0589290FF219008FFD65 /* Info.plist */,
				F2C1FD1C29179B0D00B9E3C6 /* Config.xcconfig */,
			);
			path = BoSS_CAD;
			sourceTree = "<group>";
		};
		57DB058F290FF271008FFD65 /* Controllers */ = {
			isa = PBXGroup;
			children = (
				57DB057F290FF218008FFD65 /* ViewController.swift */,
				57DB0592290FF386008FFD65 /* MainViewController.swift */,
				579FC7792912BDCF0024BBBF /* DetailViewController.swift */,
				5743C3622914126D00050C16 /* SearchViewController.swift */,
				BFEDCBAA2914CDC400778789 /* CalcAViewController.swift */,
				BF952C3A2914CFAA009753BA /* CalcBViewController.swift */,
				BF952C3C2914CFB3009753BA /* CalcCViewController.swift */,
				BFEA6C50291DEB7F0097F169 /* CalculateUserKcal.swift */,
			);
			path = Controllers;
			sourceTree = "<group>";
		};
		57DB0590290FF27C008FFD65 /* Views */ = {
			isa = PBXGroup;
			children = (
				579FC7772912A7020024BBBF /* MenuCell.swift */,
				5743C3642914165E00050C16 /* SearchListCell.swift */,
				573A45682918B6FC002A6583 /* FoodListCell.swift */,
				573A45692918B6FC002A6583 /* FoodListCell.xib */,
				5747CB78291CB9A500838BE2 /* PlusCell.swift */,
				5747CB79291CB9A500838BE2 /* PlusCell.xib */,
			);
			path = Views;
			sourceTree = "<group>";
		};
		57DB0591290FF280008FFD65 /* Models */ = {
			isa = PBXGroup;
			children = (
				5743C366291417AB00050C16 /* FoodData.swift */,
			);
			path = Models;
			sourceTree = "<group>";
		};
		7915E7B117151C9C20138210 /* Pods */ = {
			isa = PBXGroup;
			children = (
				C8625A98E7CFE9D764E58AC6 /* Pods-BoSS_CAD.debug.xcconfig */,
				BF917754FA8F6409B6E2638D /* Pods-BoSS_CAD.release.xcconfig */,
			);
			path = Pods;
			sourceTree = "<group>";
		};
/* End PBXGroup section */

/* Begin PBXNativeTarget section */
		57DB0577290FF218008FFD65 /* BoSS_CAD */ = {
			isa = PBXNativeTarget;
			buildConfigurationList = 57DB058C290FF219008FFD65 /* Build configuration list for PBXNativeTarget "BoSS_CAD" */;
			buildPhases = (
				EF4E510663ACEAB7ABDDE682 /* [CP] Check Pods Manifest.lock */,
				57DB0574290FF218008FFD65 /* Sources */,
				57DB0575290FF218008FFD65 /* Frameworks */,
				57DB0576290FF218008FFD65 /* Resources */,
				4322DA106B3501E74094CAA4 /* [CP] Embed Pods Frameworks */,
			);
			buildRules = (
			);
			dependencies = (
			);
			name = BoSS_CAD;
			packageProductDependencies = (
				57CAA29529224FAA00639B0E /* FirebaseAuth */,
				57CAA29729224FAA00639B0E /* FirebaseDatabase */,
				57CAA29929224FAA00639B0E /* FirebaseDatabaseSwift */,
				57CAA29B29224FAA00639B0E /* FirebaseFirestore */,
				57CAA29D29224FAA00639B0E /* FirebaseFirestoreSwift */,
			);
			productName = BoSS_CAD;
			productReference = 57DB0578290FF218008FFD65 /* BoSS_CAD.app */;
			productType = "com.apple.product-type.application";
		};
/* End PBXNativeTarget section */

/* Begin PBXProject section */
		57DB0570290FF218008FFD65 /* Project object */ = {
			isa = PBXProject;
			attributes = {
				BuildIndependentTargetsInParallel = 1;
				LastSwiftUpdateCheck = 1400;
				LastUpgradeCheck = 1400;
				TargetAttributes = {
					57DB0577290FF218008FFD65 = {
						CreatedOnToolsVersion = 14.0.1;
					};
				};
			};
			buildConfigurationList = 57DB0573290FF218008FFD65 /* Build configuration list for PBXProject "BoSS_CAD" */;
			compatibilityVersion = "Xcode 14.0";
			developmentRegion = en;
			hasScannedForEncodings = 0;
			knownRegions = (
				en,
				Base,
			);
			mainGroup = 57DB056F290FF218008FFD65;
			packageReferences = (
				57CAA29429224FAA00639B0E /* XCRemoteSwiftPackageReference "firebase-ios-sdk" */,
			);
			productRefGroup = 57DB0579290FF218008FFD65 /* Products */;
			projectDirPath = "";
			projectRoot = "";
			targets = (
				57DB0577290FF218008FFD65 /* BoSS_CAD */,
			);
		};
/* End PBXProject section */

/* Begin PBXResourcesBuildPhase section */
		57DB0576290FF218008FFD65 /* Resources */ = {
			isa = PBXResourcesBuildPhase;
			buildActionMask = 2147483647;
			files = (
				57DB0588290FF219008FFD65 /* LaunchScreen.storyboard in Resources */,
				573A456B2918B6FC002A6583 /* FoodListCell.xib in Resources */,
				57DB0585290FF219008FFD65 /* Assets.xcassets in Resources */,
				57DB0583290FF218008FFD65 /* Main.storyboard in Resources */,
				5747CB7B291CB9A500838BE2 /* PlusCell.xib in Resources */,
				57CAA29329224EAD00639B0E /* GoogleService-Info.plist in Resources */,
			);
			runOnlyForDeploymentPostprocessing = 0;
		};
/* End PBXResourcesBuildPhase section */

/* Begin PBXShellScriptBuildPhase section */
		4322DA106B3501E74094CAA4 /* [CP] Embed Pods Frameworks */ = {
			isa = PBXShellScriptBuildPhase;
			buildActionMask = 2147483647;
			files = (
			);
			inputFileListPaths = (
				"${PODS_ROOT}/Target Support Files/Pods-BoSS_CAD/Pods-BoSS_CAD-frameworks-${CONFIGURATION}-input-files.xcfilelist",
			);
			name = "[CP] Embed Pods Frameworks";
			outputFileListPaths = (
				"${PODS_ROOT}/Target Support Files/Pods-BoSS_CAD/Pods-BoSS_CAD-frameworks-${CONFIGURATION}-output-files.xcfilelist",
			);
			runOnlyForDeploymentPostprocessing = 0;
			shellPath = /bin/sh;
			shellScript = "\"${PODS_ROOT}/Target Support Files/Pods-BoSS_CAD/Pods-BoSS_CAD-frameworks.sh\"\n";
			showEnvVarsInLog = 0;
		};
		EF4E510663ACEAB7ABDDE682 /* [CP] Check Pods Manifest.lock */ = {
			isa = PBXShellScriptBuildPhase;
			buildActionMask = 2147483647;
			files = (
			);
			inputFileListPaths = (
			);
			inputPaths = (
				"${PODS_PODFILE_DIR_PATH}/Podfile.lock",
				"${PODS_ROOT}/Manifest.lock",
			);
			name = "[CP] Check Pods Manifest.lock";
			outputFileListPaths = (
			);
			outputPaths = (
				"$(DERIVED_FILE_DIR)/Pods-BoSS_CAD-checkManifestLockResult.txt",
			);
			runOnlyForDeploymentPostprocessing = 0;
			shellPath = /bin/sh;
			shellScript = "diff \"${PODS_PODFILE_DIR_PATH}/Podfile.lock\" \"${PODS_ROOT}/Manifest.lock\" > /dev/null\nif [ $? != 0 ] ; then\n    # print error to STDERR\n    echo \"error: The sandbox is not in sync with the Podfile.lock. Run 'pod install' or update your CocoaPods installation.\" >&2\n    exit 1\nfi\n# This output is used by Xcode 'outputs' to avoid re-running this script phase.\necho \"SUCCESS\" > \"${SCRIPT_OUTPUT_FILE_0}\"\n";
			showEnvVarsInLog = 0;
		};
/* End PBXShellScriptBuildPhase section */

/* Begin PBXSourcesBuildPhase section */
		57DB0574290FF218008FFD65 /* Sources */ = {
			isa = PBXSourcesBuildPhase;
			buildActionMask = 2147483647;
			files = (
				BFEA6C51291DEB7F0097F169 /* CalculateUserKcal.swift in Sources */,
				57DB0580290FF218008FFD65 /* ViewController.swift in Sources */,
				573A456A2918B6FC002A6583 /* FoodListCell.swift in Sources */,
				5743C3652914165E00050C16 /* SearchListCell.swift in Sources */,
				5743C3632914126D00050C16 /* SearchViewController.swift in Sources */,
				5743C367291417AB00050C16 /* FoodData.swift in Sources */,
				579FC7782912A7020024BBBF /* MenuCell.swift in Sources */,
				BF952C3B2914CFAA009753BA /* CalcBViewController.swift in Sources */,
				BFEDCBAB2914CDC400778789 /* CalcAViewController.swift in Sources */,
				57DB057C290FF218008FFD65 /* AppDelegate.swift in Sources */,
				579FC77A2912BDCF0024BBBF /* DetailViewController.swift in Sources */,
				BF952C3D2914CFB3009753BA /* CalcCViewController.swift in Sources */,
				5747CB7A291CB9A500838BE2 /* PlusCell.swift in Sources */,
				57DB057E290FF218008FFD65 /* SceneDelegate.swift in Sources */,
				57DB0593290FF386008FFD65 /* MainViewController.swift in Sources */,
			);
			runOnlyForDeploymentPostprocessing = 0;
		};
/* End PBXSourcesBuildPhase section */

/* Begin PBXVariantGroup section */
		57DB0581290FF218008FFD65 /* Main.storyboard */ = {
			isa = PBXVariantGroup;
			children = (
				57DB0582290FF218008FFD65 /* Base */,
			);
			name = Main.storyboard;
			sourceTree = "<group>";
		};
		57DB0586290FF219008FFD65 /* LaunchScreen.storyboard */ = {
			isa = PBXVariantGroup;
			children = (
				57DB0587290FF219008FFD65 /* Base */,
			);
			name = LaunchScreen.storyboard;
			sourceTree = "<group>";
		};
/* End PBXVariantGroup section */

/* Begin XCBuildConfiguration section */
		57DB058A290FF219008FFD65 /* Debug */ = {
			isa = XCBuildConfiguration;
			baseConfigurationReference = F2C1FD1C29179B0D00B9E3C6 /* Config.xcconfig */;
			buildSettings = {
				ALWAYS_SEARCH_USER_PATHS = NO;
				CLANG_ANALYZER_NONNULL = YES;
				CLANG_ANALYZER_NUMBER_OBJECT_CONVERSION = YES_AGGRESSIVE;
				CLANG_CXX_LANGUAGE_STANDARD = "gnu++20";
				CLANG_ENABLE_MODULES = YES;
				CLANG_ENABLE_OBJC_ARC = YES;
				CLANG_ENABLE_OBJC_WEAK = YES;
				CLANG_WARN_BLOCK_CAPTURE_AUTORELEASING = YES;
				CLANG_WARN_BOOL_CONVERSION = YES;
				CLANG_WARN_COMMA = YES;
				CLANG_WARN_CONSTANT_CONVERSION = YES;
				CLANG_WARN_DEPRECATED_OBJC_IMPLEMENTATIONS = YES;
				CLANG_WARN_DIRECT_OBJC_ISA_USAGE = YES_ERROR;
				CLANG_WARN_DOCUMENTATION_COMMENTS = YES;
				CLANG_WARN_EMPTY_BODY = YES;
				CLANG_WARN_ENUM_CONVERSION = YES;
				CLANG_WARN_INFINITE_RECURSION = YES;
				CLANG_WARN_INT_CONVERSION = YES;
				CLANG_WARN_NON_LITERAL_NULL_CONVERSION = YES;
				CLANG_WARN_OBJC_IMPLICIT_RETAIN_SELF = YES;
				CLANG_WARN_OBJC_LITERAL_CONVERSION = YES;
				CLANG_WARN_OBJC_ROOT_CLASS = YES_ERROR;
				CLANG_WARN_QUOTED_INCLUDE_IN_FRAMEWORK_HEADER = YES;
				CLANG_WARN_RANGE_LOOP_ANALYSIS = YES;
				CLANG_WARN_STRICT_PROTOTYPES = YES;
				CLANG_WARN_SUSPICIOUS_MOVE = YES;
				CLANG_WARN_UNGUARDED_AVAILABILITY = YES_AGGRESSIVE;
				CLANG_WARN_UNREACHABLE_CODE = YES;
				CLANG_WARN__DUPLICATE_METHOD_MATCH = YES;
				COPY_PHASE_STRIP = NO;
				DEBUG_INFORMATION_FORMAT = dwarf;
				ENABLE_STRICT_OBJC_MSGSEND = YES;
				ENABLE_TESTABILITY = YES;
				GCC_C_LANGUAGE_STANDARD = gnu11;
				GCC_DYNAMIC_NO_PIC = NO;
				GCC_NO_COMMON_BLOCKS = YES;
				GCC_OPTIMIZATION_LEVEL = 0;
				GCC_PREPROCESSOR_DEFINITIONS = (
					"DEBUG=1",
					"$(inherited)",
				);
				GCC_WARN_64_TO_32_BIT_CONVERSION = YES;
				GCC_WARN_ABOUT_RETURN_TYPE = YES_ERROR;
				GCC_WARN_UNDECLARED_SELECTOR = YES;
				GCC_WARN_UNINITIALIZED_AUTOS = YES_AGGRESSIVE;
				GCC_WARN_UNUSED_FUNCTION = YES;
				GCC_WARN_UNUSED_VARIABLE = YES;
				IPHONEOS_DEPLOYMENT_TARGET = 16.0;
				MTL_ENABLE_DEBUG_INFO = INCLUDE_SOURCE;
				MTL_FAST_MATH = YES;
				ONLY_ACTIVE_ARCH = YES;
				SDKROOT = iphoneos;
				SWIFT_ACTIVE_COMPILATION_CONDITIONS = DEBUG;
				SWIFT_OPTIMIZATION_LEVEL = "-Onone";
			};
			name = Debug;
		};
		57DB058B290FF219008FFD65 /* Release */ = {
			isa = XCBuildConfiguration;
			baseConfigurationReference = F2C1FD1C29179B0D00B9E3C6 /* Config.xcconfig */;
			buildSettings = {
				ALWAYS_SEARCH_USER_PATHS = NO;
				CLANG_ANALYZER_NONNULL = YES;
				CLANG_ANALYZER_NUMBER_OBJECT_CONVERSION = YES_AGGRESSIVE;
				CLANG_CXX_LANGUAGE_STANDARD = "gnu++20";
				CLANG_ENABLE_MODULES = YES;
				CLANG_ENABLE_OBJC_ARC = YES;
				CLANG_ENABLE_OBJC_WEAK = YES;
				CLANG_WARN_BLOCK_CAPTURE_AUTORELEASING = YES;
				CLANG_WARN_BOOL_CONVERSION = YES;
				CLANG_WARN_COMMA = YES;
				CLANG_WARN_CONSTANT_CONVERSION = YES;
				CLANG_WARN_DEPRECATED_OBJC_IMPLEMENTATIONS = YES;
				CLANG_WARN_DIRECT_OBJC_ISA_USAGE = YES_ERROR;
				CLANG_WARN_DOCUMENTATION_COMMENTS = YES;
				CLANG_WARN_EMPTY_BODY = YES;
				CLANG_WARN_ENUM_CONVERSION = YES;
				CLANG_WARN_INFINITE_RECURSION = YES;
				CLANG_WARN_INT_CONVERSION = YES;
				CLANG_WARN_NON_LITERAL_NULL_CONVERSION = YES;
				CLANG_WARN_OBJC_IMPLICIT_RETAIN_SELF = YES;
				CLANG_WARN_OBJC_LITERAL_CONVERSION = YES;
				CLANG_WARN_OBJC_ROOT_CLASS = YES_ERROR;
				CLANG_WARN_QUOTED_INCLUDE_IN_FRAMEWORK_HEADER = YES;
				CLANG_WARN_RANGE_LOOP_ANALYSIS = YES;
				CLANG_WARN_STRICT_PROTOTYPES = YES;
				CLANG_WARN_SUSPICIOUS_MOVE = YES;
				CLANG_WARN_UNGUARDED_AVAILABILITY = YES_AGGRESSIVE;
				CLANG_WARN_UNREACHABLE_CODE = YES;
				CLANG_WARN__DUPLICATE_METHOD_MATCH = YES;
				COPY_PHASE_STRIP = NO;
				DEBUG_INFORMATION_FORMAT = "dwarf-with-dsym";
				ENABLE_NS_ASSERTIONS = NO;
				ENABLE_STRICT_OBJC_MSGSEND = YES;
				GCC_C_LANGUAGE_STANDARD = gnu11;
				GCC_NO_COMMON_BLOCKS = YES;
				GCC_WARN_64_TO_32_BIT_CONVERSION = YES;
				GCC_WARN_ABOUT_RETURN_TYPE = YES_ERROR;
				GCC_WARN_UNDECLARED_SELECTOR = YES;
				GCC_WARN_UNINITIALIZED_AUTOS = YES_AGGRESSIVE;
				GCC_WARN_UNUSED_FUNCTION = YES;
				GCC_WARN_UNUSED_VARIABLE = YES;
				IPHONEOS_DEPLOYMENT_TARGET = 16.0;
				MTL_ENABLE_DEBUG_INFO = NO;
				MTL_FAST_MATH = YES;
				SDKROOT = iphoneos;
				SWIFT_COMPILATION_MODE = wholemodule;
				SWIFT_OPTIMIZATION_LEVEL = "-O";
				VALIDATE_PRODUCT = YES;
			};
			name = Release;
		};
		57DB058D290FF219008FFD65 /* Debug */ = {
			isa = XCBuildConfiguration;
			baseConfigurationReference = C8625A98E7CFE9D764E58AC6 /* Pods-BoSS_CAD.debug.xcconfig */;
			buildSettings = {
				ASSETCATALOG_COMPILER_APPICON_NAME = AppIcon;
				ASSETCATALOG_COMPILER_GLOBAL_ACCENT_COLOR_NAME = AccentColor;
				CODE_SIGN_STYLE = Automatic;
				CURRENT_PROJECT_VERSION = 1;
				DEVELOPMENT_TEAM = 5DFZR8RCQR;
				GENERATE_INFOPLIST_FILE = YES;
				INFOPLIST_FILE = BoSS_CAD/Info.plist;
				INFOPLIST_KEY_UIApplicationSupportsIndirectInputEvents = YES;
				INFOPLIST_KEY_UILaunchStoryboardName = LaunchScreen;
				INFOPLIST_KEY_UIMainStoryboardFile = Main;
				INFOPLIST_KEY_UISupportedInterfaceOrientations_iPad = "UIInterfaceOrientationPortrait UIInterfaceOrientationPortraitUpsideDown UIInterfaceOrientationLandscapeLeft UIInterfaceOrientationLandscapeRight";
				INFOPLIST_KEY_UISupportedInterfaceOrientations_iPhone = "UIInterfaceOrientationPortrait UIInterfaceOrientationLandscapeLeft UIInterfaceOrientationLandscapeRight";
				IPHONEOS_DEPLOYMENT_TARGET = 14.0;
				LD_RUNPATH_SEARCH_PATHS = (
					"$(inherited)",
					"@executable_path/Frameworks",
				);
				MARKETING_VERSION = 1.0;
				PRODUCT_BUNDLE_IDENTIFIER = "kr.ac.tukorea.ce.ios.BoSS-CAD";
				PRODUCT_NAME = "$(TARGET_NAME)";
				SUPPORTED_PLATFORMS = "iphoneos iphonesimulator";
				SUPPORTS_MACCATALYST = NO;
				SUPPORTS_MAC_DESIGNED_FOR_IPHONE_IPAD = NO;
				SWIFT_EMIT_LOC_STRINGS = YES;
				SWIFT_VERSION = 5.0;
				TARGETED_DEVICE_FAMILY = 1;
			};
			name = Debug;
		};
		57DB058E290FF219008FFD65 /* Release */ = {
			isa = XCBuildConfiguration;
			baseConfigurationReference = BF917754FA8F6409B6E2638D /* Pods-BoSS_CAD.release.xcconfig */;
			buildSettings = {
				ASSETCATALOG_COMPILER_APPICON_NAME = AppIcon;
				ASSETCATALOG_COMPILER_GLOBAL_ACCENT_COLOR_NAME = AccentColor;
				CODE_SIGN_STYLE = Automatic;
				CURRENT_PROJECT_VERSION = 1;
				DEVELOPMENT_TEAM = 5DFZR8RCQR;
				GENERATE_INFOPLIST_FILE = YES;
				INFOPLIST_FILE = BoSS_CAD/Info.plist;
				INFOPLIST_KEY_UIApplicationSupportsIndirectInputEvents = YES;
				INFOPLIST_KEY_UILaunchStoryboardName = LaunchScreen;
				INFOPLIST_KEY_UIMainStoryboardFile = Main;
				INFOPLIST_KEY_UISupportedInterfaceOrientations_iPad = "UIInterfaceOrientationPortrait UIInterfaceOrientationPortraitUpsideDown UIInterfaceOrientationLandscapeLeft UIInterfaceOrientationLandscapeRight";
				INFOPLIST_KEY_UISupportedInterfaceOrientations_iPhone = "UIInterfaceOrientationPortrait UIInterfaceOrientationLandscapeLeft UIInterfaceOrientationLandscapeRight";
				IPHONEOS_DEPLOYMENT_TARGET = 14.0;
				LD_RUNPATH_SEARCH_PATHS = (
					"$(inherited)",
					"@executable_path/Frameworks",
				);
				MARKETING_VERSION = 1.0;
				PRODUCT_BUNDLE_IDENTIFIER = "kr.ac.tukorea.ce.ios.BoSS-CAD";
				PRODUCT_NAME = "$(TARGET_NAME)";
				SUPPORTED_PLATFORMS = "iphoneos iphonesimulator";
				SUPPORTS_MACCATALYST = NO;
				SUPPORTS_MAC_DESIGNED_FOR_IPHONE_IPAD = NO;
				SWIFT_EMIT_LOC_STRINGS = YES;
				SWIFT_VERSION = 5.0;
				TARGETED_DEVICE_FAMILY = 1;
			};
			name = Release;
		};
/* End XCBuildConfiguration section */

/* Begin XCConfigurationList section */
		57DB0573290FF218008FFD65 /* Build configuration list for PBXProject "BoSS_CAD" */ = {
			isa = XCConfigurationList;
			buildConfigurations = (
				57DB058A290FF219008FFD65 /* Debug */,
				57DB058B290FF219008FFD65 /* Release */,
			);
			defaultConfigurationIsVisible = 0;
			defaultConfigurationName = Release;
		};
		57DB058C290FF219008FFD65 /* Build configuration list for PBXNativeTarget "BoSS_CAD" */ = {
			isa = XCConfigurationList;
			buildConfigurations = (
				57DB058D290FF219008FFD65 /* Debug */,
				57DB058E290FF219008FFD65 /* Release */,
			);
			defaultConfigurationIsVisible = 0;
			defaultConfigurationName = Release;
		};
/* End XCConfigurationList section */

/* Begin XCRemoteSwiftPackageReference section */
		57CAA29429224FAA00639B0E /* XCRemoteSwiftPackageReference "firebase-ios-sdk" */ = {
			isa = XCRemoteSwiftPackageReference;
			repositoryURL = "https://github.com/firebase/firebase-ios-sdk";
			requirement = {
				kind = upToNextMajorVersion;
				minimumVersion = 9.0.0;
			};
		};
/* End XCRemoteSwiftPackageReference section */

/* Begin XCSwiftPackageProductDependency section */
		57CAA29529224FAA00639B0E /* FirebaseAuth */ = {
			isa = XCSwiftPackageProductDependency;
			package = 57CAA29429224FAA00639B0E /* XCRemoteSwiftPackageReference "firebase-ios-sdk" */;
			productName = FirebaseAuth;
		};
		57CAA29729224FAA00639B0E /* FirebaseDatabase */ = {
			isa = XCSwiftPackageProductDependency;
			package = 57CAA29429224FAA00639B0E /* XCRemoteSwiftPackageReference "firebase-ios-sdk" */;
			productName = FirebaseDatabase;
		};
		57CAA29929224FAA00639B0E /* FirebaseDatabaseSwift */ = {
			isa = XCSwiftPackageProductDependency;
			package = 57CAA29429224FAA00639B0E /* XCRemoteSwiftPackageReference "firebase-ios-sdk" */;
			productName = FirebaseDatabaseSwift;
		};
		57CAA29B29224FAA00639B0E /* FirebaseFirestore */ = {
			isa = XCSwiftPackageProductDependency;
			package = 57CAA29429224FAA00639B0E /* XCRemoteSwiftPackageReference "firebase-ios-sdk" */;
			productName = FirebaseFirestore;
		};
		57CAA29D29224FAA00639B0E /* FirebaseFirestoreSwift */ = {
			isa = XCSwiftPackageProductDependency;
			package = 57CAA29429224FAA00639B0E /* XCRemoteSwiftPackageReference "firebase-ios-sdk" */;
			productName = FirebaseFirestoreSwift;
		};
/* End XCSwiftPackageProductDependency section */
	};
	rootObject = 57DB0570290FF218008FFD65 /* Project object */;
}
